
Microsoft Visual Studio Solution File, Format Version 12.00
# Visual Studio for Mac
Project("{FAE04EC0-301F-11D3-BF4B-00C04F79EFBC}") = "Pins and Needles", "Pins and Needles.csproj", "{35E1FFF1-3CF3-FD02-D617-E4549901E12D}"
EndProject
Global
	GlobalSection(SolutionConfigurationPlatforms) = preSolution
		Debug|Any CPU = Debug|Any CPU
		Release|Any CPU = Release|Any CPU
	EndGlobalSection
	GlobalSection(ProjectConfigurationPlatforms) = postSolution
		{35E1FFF1-3CF3-FD02-D617-E4549901E12D}.Debug|Any CPU.ActiveCfg = Debug|Any CPU
		{35E1FFF1-3CF3-FD02-D617-E4549901E12D}.Debug|Any CPU.Build.0 = Debug|Any CPU
		{35E1FFF1-3CF3-FD02-D617-E4549901E12D}.Release|Any CPU.ActiveCfg = Release|Any CPU
		{35E1FFF1-3CF3-FD02-D617-E4549901E12D}.Release|Any CPU.Build.0 = Release|Any CPU
	EndGlobalSection
	GlobalSection(SolutionProperties) = preSolution
		HideSolutionNode = FALSE
	EndGlobalSection
EndGlobal
